
Microsoft Visual Studio Solution File, Format Version 12.00
# Visual Studio 15
VisualStudioVersion = 15.0.27703.2000
MinimumVisualStudioVersion = 10.0.40219.1
Project("{FAE04EC0-301F-11D3-BF4B-00C04F79EFBC}") = "AddString", "Addstring\AddString.csproj", "{5CFE2251-913D-4DFE-B702-F09871561587}"
EndProject
Project("{FAE04EC0-301F-11D3-BF4B-00C04F79EFBC}") = "CoinJar", "CoinJar\CoinJar.csproj", "{C8E4873B-DEFC-4F60-8565-2A95B52D26A2}"
EndProject
Global
	GlobalSection(SolutionConfigurationPlatforms) = preSolution
		Debug|Any CPU = Debug|Any CPU
		Release|Any CPU = Release|Any CPU
	EndGlobalSection
	GlobalSection(ProjectConfigurationPlatforms) = postSolution
		{5CFE2251-913D-4DFE-B702-F09871561587}.Debug|Any CPU.ActiveCfg = Debug|Any CPU
		{5CFE2251-913D-4DFE-B702-F09871561587}.Debug|Any CPU.Build.0 = Debug|Any CPU
		{5CFE2251-913D-4DFE-B702-F09871561587}.Release|Any CPU.ActiveCfg = Release|Any CPU
		{5CFE2251-913D-4DFE-B702-F09871561587}.Release|Any CPU.Build.0 = Release|Any CPU
		{C8E4873B-DEFC-4F60-8565-2A95B52D26A2}.Debug|Any CPU.ActiveCfg = Debug|Any CPU
		{C8E4873B-DEFC-4F60-8565-2A95B52D26A2}.Debug|Any CPU.Build.0 = Debug|Any CPU
		{C8E4873B-DEFC-4F60-8565-2A95B52D26A2}.Release|Any CPU.ActiveCfg = Release|Any CPU
		{C8E4873B-DEFC-4F60-8565-2A95B52D26A2}.Release|Any CPU.Build.0 = Release|Any CPU
	EndGlobalSection
	GlobalSection(SolutionProperties) = preSolution
		HideSolutionNode = FALSE
	EndGlobalSection
	GlobalSection(ExtensibilityGlobals) = postSolution
		SolutionGuid = {49790CF8-2EC4-4D5B-8504-FD5822430651}
	EndGlobalSection
EndGlobal
